
Microsoft Visual Studio Solution File, Format Version 12.00
# Visual Studio Version 17
VisualStudioVersion = 17.2.32210.308
MinimumVisualStudioVersion = 10.0.40219.1
Project("{9A19103F-16F7-4668-BE54-9A1E7A4F7556}") = "FrozenCrypto", "FrozenCrypto\FrozenCrypto.csproj", "{13EA5F67-07C4-41CB-88DA-082542082B92}"
EndProject
Global
	GlobalSection(SolutionConfigurationPlatforms) = preSolution
		Debug|Any CPU = Debug|Any CPU
		Release|Any CPU = Release|Any CPU
	EndGlobalSection
	GlobalSection(ProjectConfigurationPlatforms) = postSolution
		{13EA5F67-07C4-41CB-88DA-082542082B92}.Debug|Any CPU.ActiveCfg = Debug|Any CPU
		{13EA5F67-07C4-41CB-88DA-082542082B92}.Debug|Any CPU.Build.0 = Debug|Any CPU
		{13EA5F67-07C4-41CB-88DA-082542082B92}.Release|Any CPU.ActiveCfg = Release|Any CPU
		{13EA5F67-07C4-41CB-88DA-082542082B92}.Release|Any CPU.Build.0 = Release|Any CPU
	EndGlobalSection
	GlobalSection(SolutionProperties) = preSolution
		HideSolutionNode = FALSE
	EndGlobalSection
	GlobalSection(ExtensibilityGlobals) = postSolution
		SolutionGuid = {06D26FE4-209D-4ECE-BA71-795603DF976D}
	EndGlobalSection
EndGlobal
